// !$*UTF8*$!
{
	archiveVersion = 1;
	classes = {
	};
	objectVersion = 55;
	objects = {

/* Begin PBXBuildFile section */
		E2EFE1E0285B3BED001EB57B /* AppDelegate.swift in Sources */ = {isa = PBXBuildFile; fileRef = E2EFE1DF285B3BED001EB57B /* AppDelegate.swift */; };
		E2EFE1E2285B3BED001EB57B /* SceneDelegate.swift in Sources */ = {isa = PBXBuildFile; fileRef = E2EFE1E1285B3BED001EB57B /* SceneDelegate.swift */; };
		E2EFE1E4285B3BED001EB57B /* ViewController.swift in Sources */ = {isa = PBXBuildFile; fileRef = E2EFE1E3285B3BED001EB57B /* ViewController.swift */; };
		E2EFE1E9285B3BEF001EB57B /* Assets.xcassets in Resources */ = {isa = PBXBuildFile; fileRef = E2EFE1E8285B3BEF001EB57B /* Assets.xcassets */; };
		E2EFE1EC285B3BEF001EB57B /* LaunchScreen.storyboard in Resources */ = {isa = PBXBuildFile; fileRef = E2EFE1EA285B3BEF001EB57B /* LaunchScreen.storyboard */; };
		E2EFE1F5285B3CC2001EB57B /* SnapKit in Frameworks */ = {isa = PBXBuildFile; productRef = E2EFE1F4285B3CC2001EB57B /* SnapKit */; };
		E2EFE1F8285B54C8001EB57B /* ExpandableCell.swift in Sources */ = {isa = PBXBuildFile; fileRef = E2EFE1F7285B54C8001EB57B /* ExpandableCell.swift */; };
/* End PBXBuildFile section */

/* Begin PBXFileReference section */
		E2EFE1DC285B3BED001EB57B /* TableCollectionFeatures.app */ = {isa = PBXFileReference; explicitFileType = wrapper.application; includeInIndex = 0; path = TableCollectionFeatures.app; sourceTree = BUILT_PRODUCTS_DIR; };
		E2EFE1DF285B3BED001EB57B /* AppDelegate.swift */ = {isa = PBXFileReference; lastKnownFileType = sourcecode.swift; path = AppDelegate.swift; sourceTree = "<group>"; };
		E2EFE1E1285B3BED001EB57B /* SceneDelegate.swift */ = {isa = PBXFileReference; lastKnownFileType = sourcecode.swift; path = SceneDelegate.swift; sourceTree = "<group>"; };
		E2EFE1E3285B3BED001EB57B /* ViewController.swift */ = {isa = PBXFileReference; lastKnownFileType = sourcecode.swift; path = ViewController.swift; sourceTree = "<group>"; };
		E2EFE1E8285B3BEF001EB57B /* Assets.xcassets */ = {isa = PBXFileReference; lastKnownFileType = folder.assetcatalog; path = Assets.xcassets; sourceTree = "<group>"; };
		E2EFE1EB285B3BEF001EB57B /* Base */ = {isa = PBXFileReference; lastKnownFileType = file.storyboard; name = Base; path = Base.lproj/LaunchScreen.storyboard; sourceTree = "<group>"; };
		E2EFE1ED285B3BEF001EB57B /* Info.plist */ = {isa = PBXFileReference; lastKnownFileType = text.plist.xml; path = Info.plist; sourceTree = "<group>"; };
		E2EFE1F7285B54C8001EB57B /* ExpandableCell.swift */ = {isa = PBXFileReference; lastKnownFileType = sourcecode.swift; path = ExpandableCell.swift; sourceTree = "<group>"; };
/* End PBXFileReference section */

/* Begin PBXFrameworksBuildPhase section */
		E2EFE1D9285B3BED001EB57B /* Frameworks */ = {
			isa = PBXFrameworksBuildPhase;
			buildActionMask = 2147483647;
			files = (
				E2EFE1F5285B3CC2001EB57B /* SnapKit in Frameworks */,
			);
			runOnlyForDeploymentPostprocessing = 0;
		};
/* End PBXFrameworksBuildPhase section */

/* Begin PBXGroup section */
		E2EFE1D3285B3BED001EB57B = {
			isa = PBXGroup;
			children = (
				E2EFE1DE285B3BED001EB57B /* TableCollectionFeatures */,
				E2EFE1DD285B3BED001EB57B /* Products */,
			);
			sourceTree = "<group>";
		};
		E2EFE1DD285B3BED001EB57B /* Products */ = {
			isa = PBXGroup;
			children = (
				E2EFE1DC285B3BED001EB57B /* TableCollectionFeatures.app */,
			);
			name = Products;
			sourceTree = "<group>";
		};
		E2EFE1DE285B3BED001EB57B /* TableCollectionFeatures */ = {
			isa = PBXGroup;
			children = (
				E2EFE1DF285B3BED001EB57B /* AppDelegate.swift */,
				E2EFE1E1285B3BED001EB57B /* SceneDelegate.swift */,
				E2EFE1F6285B5476001EB57B /* Main */,
				E2EFE1E8285B3BEF001EB57B /* Assets.xcassets */,
				E2EFE1EA285B3BEF001EB57B /* LaunchScreen.storyboard */,
				E2EFE1ED285B3BEF001EB57B /* Info.plist */,
			);
			path = TableCollectionFeatures;
			sourceTree = "<group>";
		};
		E2EFE1F6285B5476001EB57B /* Main */ = {
			isa = PBXGroup;
			children = (
				E2EFE1E3285B3BED001EB57B /* ViewController.swift */,
				E2EFE1F7285B54C8001EB57B /* ExpandableCell.swift */,
			);
			path = Main;
			sourceTree = "<group>";
		};
/* End PBXGroup section */

/* Begin PBXNativeTarget section */
		E2EFE1DB285B3BED001EB57B /* TableCollectionFeatures */ = {
			isa = PBXNativeTarget;
			buildConfigurationList = E2EFE1F0285B3BEF001EB57B /* Build configuration list for PBXNativeTarget "TableCollectionFeatures" */;
			buildPhases = (
				E2EFE1D8285B3BED001EB57B /* Sources */,
				E2EFE1D9285B3BED001EB57B /* Frameworks */,
				E2EFE1DA285B3BED001EB57B /* Resources */,
			);
			buildRules = (
			);
			dependencies = (
			);
			name = TableCollectionFeatures;
			packageProductDependencies = (
				E2EFE1F4285B3CC2001EB57B /* SnapKit */,
			);
			productName = TableCollectionFeatures;
			productReference = E2EFE1DC285B3BED001EB57B /* TableCollectionFeatures.app */;
			productType = "com.apple.product-type.application";
		};
/* End PBXNativeTarget section */

/* Begin PBXProject section */
		E2EFE1D4285B3BED001EB57B /* Project object */ = {
			isa = PBXProject;
			attributes = {
				BuildIndependentTargetsInParallel = 1;
				LastSwiftUpdateCheck = 1300;
				LastUpgradeCheck = 1300;
				TargetAttributes = {
					E2EFE1DB285B3BED001EB57B = {
						CreatedOnToolsVersion = 13.0;
					};
				};
			};
			buildConfigurationList = E2EFE1D7285B3BED001EB57B /* Build configuration list for PBXProject "TableCollectionFeatures" */;
			compatibilityVersion = "Xcode 13.0";
			developmentRegion = en;
			hasScannedForEncodings = 0;
			knownRegions = (
				en,
				Base,
			);
			mainGroup = E2EFE1D3285B3BED001EB57B;
			packageReferences = (
				E2EFE1F3285B3CC2001EB57B /* XCRemoteSwiftPackageReference "SnapKit" */,
			);
			productRefGroup = E2EFE1DD285B3BED001EB57B /* Products */;
			projectDirPath = "";
			projectRoot = "";
			targets = (
				E2EFE1DB285B3BED001EB57B /* TableCollectionFeatures */,
			);
		};
/* End PBXProject section */

/* Begin PBXResourcesBuildPhase section */
		E2EFE1DA285B3BED001EB57B /* Resources */ = {
			isa = PBXResourcesBuildPhase;
			buildActionMask = 2147483647;
			files = (
				E2EFE1EC285B3BEF001EB57B /* LaunchScreen.storyboard in Resources */,
				E2EFE1E9285B3BEF001EB57B /* Assets.xcassets in Resources */,
			);
			runOnlyForDeploymentPostprocessing = 0;
		};
/* End PBXResourcesBuildPhase section */

/* Begin PBXSourcesBuildPhase section */
		E2EFE1D8285B3BED001EB57B /* Sources */ = {
			isa = PBXSourcesBuildPhase;
			buildActionMask = 2147483647;
			files = (
				E2EFE1E4285B3BED001EB57B /* ViewController.swift in Sources */,
				E2EFE1E0285B3BED001EB57B /* AppDelegate.swift in Sources */,
				E2EFE1E2285B3BED001EB57B /* SceneDelegate.swift in Sources */,
				E2EFE1F8285B54C8001EB57B /* ExpandableCell.swift in Sources */,
			);
			runOnlyForDeploymentPostprocessing = 0;
		};
/* End PBXSourcesBuildPhase section */

/* Begin PBXVariantGroup section */
		E2EFE1EA285B3BEF001EB57B /* LaunchScreen.storyboard */ = {
			isa = PBXVariantGroup;
			children = (
				E2EFE1EB285B3BEF001EB57B /* Base */,
			);
			name = LaunchScreen.storyboard;
			sourceTree = "<group>";
		};
/* End PBXVariantGroup section */

/* Begin XCBuildConfiguration section */
		E2EFE1EE285B3BEF001EB57B /* Debug */ = {
			isa = XCBuildConfiguration;
			buildSettings = {
				ALWAYS_SEARCH_USER_PATHS = NO;
				CLANG_ANALYZER_NONNULL = YES;
				CLANG_ANALYZER_NUMBER_OBJECT_CONVERSION = YES_AGGRESSIVE;
				CLANG_CXX_LANGUAGE_STANDARD = "gnu++17";
				CLANG_CXX_LIBRARY = "libc++";
				CLANG_ENABLE_MODULES = YES;
				CLANG_ENABLE_OBJC_ARC = YES;
				CLANG_ENABLE_OBJC_WEAK = YES;
				CLANG_WARN_BLOCK_CAPTURE_AUTORELEASING = YES;
				CLANG_WARN_BOOL_CONVERSION = YES;
				CLANG_WARN_COMMA = YES;
				CLANG_WARN_CONSTANT_CONVERSION = YES;
				CLANG_WARN_DEPRECATED_OBJC_IMPLEMENTATIONS = YES;
				CLANG_WARN_DIRECT_OBJC_ISA_USAGE = YES_ERROR;
				CLANG_WARN_DOCUMENTATION_COMMENTS = YES;
				CLANG_WARN_EMPTY_BODY = YES;
				CLANG_WARN_ENUM_CONVERSION = YES;
				CLANG_WARN_INFINITE_RECURSION = YES;
				CLANG_WARN_INT_CONVERSION = YES;
				CLANG_WARN_NON_LITERAL_NULL_CONVERSION = YES;
				CLANG_WARN_OBJC_IMPLICIT_RETAIN_SELF = YES;
				CLANG_WARN_OBJC_LITERAL_CONVERSION = YES;
				CLANG_WARN_OBJC_ROOT_CLASS = YES_ERROR;
				CLANG_WARN_QUOTED_INCLUDE_IN_FRAMEWORK_HEADER = YES;
				CLANG_WARN_RANGE_LOOP_ANALYSIS = YES;
				CLANG_WARN_STRICT_PROTOTYPES = YES;
				CLANG_WARN_SUSPICIOUS_MOVE = YES;
				CLANG_WARN_UNGUARDED_AVAILABILITY = YES_AGGRESSIVE;
				CLANG_WARN_UNREACHABLE_CODE = YES;
				CLANG_WARN__DUPLICATE_METHOD_MATCH = YES;
				COPY_PHASE_STRIP = NO;
				DEBUG_INFORMATION_FORMAT = dwarf;
				ENABLE_STRICT_OBJC_MSGSEND = YES;
				ENABLE_TESTABILITY = YES;
				GCC_C_LANGUAGE_STANDARD = gnu11;
				GCC_DYNAMIC_NO_PIC = NO;
				GCC_NO_COMMON_BLOCKS = YES;
				GCC_OPTIMIZATION_LEVEL = 0;
				GCC_PREPROCESSOR_DEFINITIONS = (
					"DEBUG=1",
					"$(inherited)",
				);
				GCC_WARN_64_TO_32_BIT_CONVERSION = YES;
				GCC_WARN_ABOUT_RETURN_TYPE = YES_ERROR;
				GCC_WARN_UNDECLARED_SELECTOR = YES;
				GCC_WARN_UNINITIALIZED_AUTOS = YES_AGGRESSIVE;
				GCC_WARN_UNUSED_FUNCTION = YES;
				GCC_WARN_UNUSED_VARIABLE = YES;
				IPHONEOS_DEPLOYMENT_TARGET = 15.0;
				MTL_ENABLE_DEBUG_INFO = INCLUDE_SOURCE;
				MTL_FAST_MATH = YES;
				ONLY_ACTIVE_ARCH = YES;
				SDKROOT = iphoneos;
				SWIFT_ACTIVE_COMPILATION_CONDITIONS = DEBUG;
				SWIFT_OPTIMIZATION_LEVEL = "-Onone";
			};
			name = Debug;
		};
		E2EFE1EF285B3BEF001EB57B /* Release */ = {
			isa = XCBuildConfiguration;
			buildSettings = {
				ALWAYS_SEARCH_USER_PATHS = NO;
				CLANG_ANALYZER_NONNULL = YES;
				CLANG_ANALYZER_NUMBER_OBJECT_CONVERSION = YES_AGGRESSIVE;
				CLANG_CXX_LANGUAGE_STANDARD = "gnu++17";
				CLANG_CXX_LIBRARY = "libc++";
				CLANG_ENABLE_MODULES = YES;
				CLANG_ENABLE_OBJC_ARC = YES;
				CLANG_ENABLE_OBJC_WEAK = YES;
				CLANG_WARN_BLOCK_CAPTURE_AUTORELEASING = YES;
				CLANG_WARN_BOOL_CONVERSION = YES;
				CLANG_WARN_COMMA = YES;
				CLANG_WARN_CONSTANT_CONVERSION = YES;
				CLANG_WARN_DEPRECATED_OBJC_IMPLEMENTATIONS = YES;
				CLANG_WARN_DIRECT_OBJC_ISA_USAGE = YES_ERROR;
				CLANG_WARN_DOCUMENTATION_COMMENTS = YES;
				CLANG_WARN_EMPTY_BODY = YES;
				CLANG_WARN_ENUM_CONVERSION = YES;
				CLANG_WARN_INFINITE_RECURSION = YES;
				CLANG_WARN_INT_CONVERSION = YES;
				CLANG_WARN_NON_LITERAL_NULL_CONVERSION = YES;
				CLANG_WARN_OBJC_IMPLICIT_RETAIN_SELF = YES;
				CLANG_WARN_OBJC_LITERAL_CONVERSION = YES;
				CLANG_WARN_OBJC_ROOT_CLASS = YES_ERROR;
				CLANG_WARN_QUOTED_INCLUDE_IN_FRAMEWORK_HEADER = YES;
				CLANG_WARN_RANGE_LOOP_ANALYSIS = YES;
				CLANG_WARN_STRICT_PROTOTYPES = YES;
				CLANG_WARN_SUSPICIOUS_MOVE = YES;
				CLANG_WARN_UNGUARDED_AVAILABILITY = YES_AGGRESSIVE;
				CLANG_WARN_UNREACHABLE_CODE = YES;
				CLANG_WARN__DUPLICATE_METHOD_MATCH = YES;
				COPY_PHASE_STRIP = NO;
				DEBUG_INFORMATION_FORMAT = "dwarf-with-dsym";
				ENABLE_NS_ASSERTIONS = NO;
				ENABLE_STRICT_OBJC_MSGSEND = YES;
				GCC_C_LANGUAGE_STANDARD = gnu11;
				GCC_NO_COMMON_BLOCKS = YES;
				GCC_WARN_64_TO_32_BIT_CONVERSION = YES;
				GCC_WARN_ABOUT_RETURN_TYPE = YES_ERROR;
				GCC_WARN_UNDECLARED_SELECTOR = YES;
				GCC_WARN_UNINITIALIZED_AUTOS = YES_AGGRESSIVE;
				GCC_WARN_UNUSED_FUNCTION = YES;
				GCC_WARN_UNUSED_VARIABLE = YES;
				IPHONEOS_DEPLOYMENT_TARGET = 15.0;
				MTL_ENABLE_DEBUG_INFO = NO;
				MTL_FAST_MATH = YES;
				SDKROOT = iphoneos;
				SWIFT_COMPILATION_MODE = wholemodule;
				SWIFT_OPTIMIZATION_LEVEL = "-O";
				VALIDATE_PRODUCT = YES;
			};
			name = Release;
		};
		E2EFE1F1285B3BEF001EB57B /* Debug */ = {
			isa = XCBuildConfiguration;
			buildSettings = {
				ASSETCATALOG_COMPILER_APPICON_NAME = AppIcon;
				ASSETCATALOG_COMPILER_GLOBAL_ACCENT_COLOR_NAME = AccentColor;
				CODE_SIGN_STYLE = Automatic;
				CURRENT_PROJECT_VERSION = 1;
				DEVELOPMENT_TEAM = FFYJJ79MSE;
				GENERATE_INFOPLIST_FILE = YES;
				INFOPLIST_FILE = TableCollectionFeatures/Info.plist;
				INFOPLIST_KEY_UIApplicationSupportsIndirectInputEvents = YES;
				INFOPLIST_KEY_UILaunchStoryboardName = LaunchScreen;
				INFOPLIST_KEY_UISupportedInterfaceOrientations_iPad = "UIInterfaceOrientationPortrait UIInterfaceOrientationPortraitUpsideDown UIInterfaceOrientationLandscapeLeft UIInterfaceOrientationLandscapeRight";
				INFOPLIST_KEY_UISupportedInterfaceOrientations_iPhone = "UIInterfaceOrientationPortrait UIInterfaceOrientationLandscapeLeft UIInterfaceOrientationLandscapeRight";
				IPHONEOS_DEPLOYMENT_TARGET = 13.0;
				LD_RUNPATH_SEARCH_PATHS = (
					"$(inherited)",
					"@executable_path/Frameworks",
				);
				MARKETING_VERSION = 1.0;
				PRODUCT_BUNDLE_IDENTIFIER = "sev-84.TableCollectionFeatures";
				PRODUCT_NAME = "$(TARGET_NAME)";
				SWIFT_EMIT_LOC_STRINGS = YES;
				SWIFT_VERSION = 5.0;
				TARGETED_DEVICE_FAMILY = 1;
			};
			name = Debug;
		};
		E2EFE1F2285B3BEF001EB57B /* Release */ = {
			isa = XCBuildConfiguration;
			buildSettings = {
				ASSETCATALOG_COMPILER_APPICON_NAME = AppIcon;
				ASSETCATALOG_COMPILER_GLOBAL_ACCENT_COLOR_NAME = AccentColor;
				CODE_SIGN_STYLE = Automatic;
				CURRENT_PROJECT_VERSION = 1;
				DEVELOPMENT_TEAM = FFYJJ79MSE;
				GENERATE_INFOPLIST_FILE = YES;
				INFOPLIST_FILE = TableCollectionFeatures/Info.plist;
				INFOPLIST_KEY_UIApplicationSupportsIndirectInputEvents = YES;
				INFOPLIST_KEY_UILaunchStoryboardName = LaunchScreen;
				INFOPLIST_KEY_UISupportedInterfaceOrientations_iPad = "UIInterfaceOrientationPortrait UIInterfaceOrientationPortraitUpsideDown UIInterfaceOrientationLandscapeLeft UIInterfaceOrientationLandscapeRight";
				INFOPLIST_KEY_UISupportedInterfaceOrientations_iPhone = "UIInterfaceOrientationPortrait UIInterfaceOrientationLandscapeLeft UIInterfaceOrientationLandscapeRight";
				IPHONEOS_DEPLOYMENT_TARGET = 13.0;
				LD_RUNPATH_SEARCH_PATHS = (
					"$(inherited)",
					"@executable_path/Frameworks",
				);
				MARKETING_VERSION = 1.0;
				PRODUCT_BUNDLE_IDENTIFIER = "sev-84.TableCollectionFeatures";
				PRODUCT_NAME = "$(TARGET_NAME)";
				SWIFT_EMIT_LOC_STRINGS = YES;
				SWIFT_VERSION = 5.0;
				TARGETED_DEVICE_FAMILY = 1;
			};
			name = Release;
		};
/* End XCBuildConfiguration section */

/* Begin XCConfigurationList section */
		E2EFE1D7285B3BED001EB57B /* Build configuration list for PBXProject "TableCollectionFeatures" */ = {
			isa = XCConfigurationList;
			buildConfigurations = (
				E2EFE1EE285B3BEF001EB57B /* Debug */,
				E2EFE1EF285B3BEF001EB57B /* Release */,
			);
			defaultConfigurationIsVisible = 0;
			defaultConfigurationName = Release;
		};
		E2EFE1F0285B3BEF001EB57B /* Build configuration list for PBXNativeTarget "TableCollectionFeatures" */ = {
			isa = XCConfigurationList;
			buildConfigurations = (
				E2EFE1F1285B3BEF001EB57B /* Debug */,
				E2EFE1F2285B3BEF001EB57B /* Release */,
			);
			defaultConfigurationIsVisible = 0;
			defaultConfigurationName = Release;
		};
/* End XCConfigurationList section */

/* Begin XCRemoteSwiftPackageReference section */
		E2EFE1F3285B3CC2001EB57B /* XCRemoteSwiftPackageReference "SnapKit" */ = {
			isa = XCRemoteSwiftPackageReference;
			repositoryURL = "https://github.com/SnapKit/SnapKit.git";
			requirement = {
				kind = upToNextMajorVersion;
				minimumVersion = 5.0.0;
			};
		};
/* End XCRemoteSwiftPackageReference section */

/* Begin XCSwiftPackageProductDependency section */
		E2EFE1F4285B3CC2001EB57B /* SnapKit */ = {
			isa = XCSwiftPackageProductDependency;
			package = E2EFE1F3285B3CC2001EB57B /* XCRemoteSwiftPackageReference "SnapKit" */;
			productName = SnapKit;
		};
/* End XCSwiftPackageProductDependency section */
	};
	rootObject = E2EFE1D4285B3BED001EB57B /* Project object */;
}
